
Microsoft Visual Studio Solution File, Format Version 12.00
# Visual Studio Version 16
VisualStudioVersion = 16.0.34601.136
MinimumVisualStudioVersion = 10.0.40219.1
Project("{8BC9CEB8-8B4A-11D0-8D11-00A0C91BC942}") = "ReplayReview", "ReplayReview\ReplayReview.vcxproj", "{0F0041F3-F0F1-43CD-983A-4512F1F05E90}"
EndProject
Global
	GlobalSection(SolutionConfigurationPlatforms) = preSolution
		Release|x64 = Release|x64
	EndGlobalSection
	GlobalSection(ProjectConfigurationPlatforms) = postSolution
		{0F0041F3-F0F1-43CD-983A-4512F1F05E90}.Release|x64.ActiveCfg = Release|x64
		{0F0041F3-F0F1-43CD-983A-4512F1F05E90}.Release|x64.Build.0 = Release|x64
	EndGlobalSection
	GlobalSection(SolutionProperties) = preSolution
		HideSolutionNode = FALSE
	EndGlobalSection
	GlobalSection(ExtensibilityGlobals) = postSolution
		SolutionGuid = {A32BA826-D028-4317-9545-C1FF18DA807B}
	EndGlobalSection
EndGlobal
